// !$*UTF8*$!
{
	archiveVersion = 1;
	classes = {
	};
	objectVersion = 50;
	objects = {

/* Begin PBXBuildFile section */
		F124BA6826D9F7DF00E5A4D2 /* AppDelegate.swift in Sources */ = {isa = PBXBuildFile; fileRef = F124BA6726D9F7DF00E5A4D2 /* AppDelegate.swift */; };
		F124BA6A26D9F7DF00E5A4D2 /* SceneDelegate.swift in Sources */ = {isa = PBXBuildFile; fileRef = F124BA6926D9F7DF00E5A4D2 /* SceneDelegate.swift */; };
		F124BA6C26D9F7DF00E5A4D2 /* ViewController.swift in Sources */ = {isa = PBXBuildFile; fileRef = F124BA6B26D9F7DF00E5A4D2 /* ViewController.swift */; };
		F124BA6F26D9F7DF00E5A4D2 /* Main.storyboard in Resources */ = {isa = PBXBuildFile; fileRef = F124BA6D26D9F7DF00E5A4D2 /* Main.storyboard */; };
		F124BA7126D9F7E400E5A4D2 /* Assets.xcassets in Resources */ = {isa = PBXBuildFile; fileRef = F124BA7026D9F7E400E5A4D2 /* Assets.xcassets */; };
		F124BA7426D9F7E400E5A4D2 /* LaunchScreen.storyboard in Resources */ = {isa = PBXBuildFile; fileRef = F124BA7226D9F7E400E5A4D2 /* LaunchScreen.storyboard */; };
		F124BA7E26DA3F8D00E5A4D2 /* WebKit.framework in Frameworks */ = {isa = PBXBuildFile; fileRef = F124BA7D26DA3F8D00E5A4D2 /* WebKit.framework */; };
		F124BACA26DDA3C900E5A4D2 /* htmlView.html in Resources */ = {isa = PBXBuildFile; fileRef = F124BAC926DDA3C900E5A4D2 /* htmlView.html */; };
/* End PBXBuildFile section */

/* Begin PBXFileReference section */
		F124BA6426D9F7DF00E5A4D2 /* Web.app */ = {isa = PBXFileReference; explicitFileType = wrapper.application; includeInIndex = 0; path = Web.app; sourceTree = BUILT_PRODUCTS_DIR; };
		F124BA6726D9F7DF00E5A4D2 /* AppDelegate.swift */ = {isa = PBXFileReference; lastKnownFileType = sourcecode.swift; path = AppDelegate.swift; sourceTree = "<group>"; };
		F124BA6926D9F7DF00E5A4D2 /* SceneDelegate.swift */ = {isa = PBXFileReference; lastKnownFileType = sourcecode.swift; path = SceneDelegate.swift; sourceTree = "<group>"; };
		F124BA6B26D9F7DF00E5A4D2 /* ViewController.swift */ = {isa = PBXFileReference; lastKnownFileType = sourcecode.swift; path = ViewController.swift; sourceTree = "<group>"; };
		F124BA6E26D9F7DF00E5A4D2 /* Base */ = {isa = PBXFileReference; lastKnownFileType = file.storyboard; name = Base; path = Base.lproj/Main.storyboard; sourceTree = "<group>"; };
		F124BA7026D9F7E400E5A4D2 /* Assets.xcassets */ = {isa = PBXFileReference; lastKnownFileType = folder.assetcatalog; path = Assets.xcassets; sourceTree = "<group>"; };
		F124BA7326D9F7E400E5A4D2 /* Base */ = {isa = PBXFileReference; lastKnownFileType = file.storyboard; name = Base; path = Base.lproj/LaunchScreen.storyboard; sourceTree = "<group>"; };
		F124BA7526D9F7E400E5A4D2 /* Info.plist */ = {isa = PBXFileReference; lastKnownFileType = text.plist.xml; path = Info.plist; sourceTree = "<group>"; };
		F124BA7D26DA3F8D00E5A4D2 /* WebKit.framework */ = {isa = PBXFileReference; lastKnownFileType = wrapper.framework; name = WebKit.framework; path = System/Library/Frameworks/WebKit.framework; sourceTree = SDKROOT; };
		F124BAC926DDA3C900E5A4D2 /* htmlView.html */ = {isa = PBXFileReference; lastKnownFileType = text.html; path = htmlView.html; sourceTree = "<group>"; };
/* End PBXFileReference section */

/* Begin PBXFrameworksBuildPhase section */
		F124BA6126D9F7DF00E5A4D2 /* Frameworks */ = {
			isa = PBXFrameworksBuildPhase;
			buildActionMask = 2147483647;
			files = (
				F124BA7E26DA3F8D00E5A4D2 /* WebKit.framework in Frameworks */,
			);
			runOnlyForDeploymentPostprocessing = 0;
		};
/* End PBXFrameworksBuildPhase section */

/* Begin PBXGroup section */
		F124BA5B26D9F7DF00E5A4D2 = {
			isa = PBXGroup;
			children = (
				F124BA6626D9F7DF00E5A4D2 /* Web */,
				F124BA6526D9F7DF00E5A4D2 /* Products */,
				F124BA7C26DA3F8D00E5A4D2 /* Frameworks */,
			);
			sourceTree = "<group>";
		};
		F124BA6526D9F7DF00E5A4D2 /* Products */ = {
			isa = PBXGroup;
			children = (
				F124BA6426D9F7DF00E5A4D2 /* Web.app */,
			);
			name = Products;
			sourceTree = "<group>";
		};
		F124BA6626D9F7DF00E5A4D2 /* Web */ = {
			isa = PBXGroup;
			children = (
				F124BA6726D9F7DF00E5A4D2 /* AppDelegate.swift */,
				F124BA6926D9F7DF00E5A4D2 /* SceneDelegate.swift */,
				F124BA6B26D9F7DF00E5A4D2 /* ViewController.swift */,
				F124BAC926DDA3C900E5A4D2 /* htmlView.html */,
				F124BA6D26D9F7DF00E5A4D2 /* Main.storyboard */,
				F124BA7026D9F7E400E5A4D2 /* Assets.xcassets */,
				F124BA7226D9F7E400E5A4D2 /* LaunchScreen.storyboard */,
				F124BA7526D9F7E400E5A4D2 /* Info.plist */,
			);
			path = Web;
			sourceTree = "<group>";
		};
		F124BA7C26DA3F8D00E5A4D2 /* Frameworks */ = {
			isa = PBXGroup;
			children = (
				F124BA7D26DA3F8D00E5A4D2 /* WebKit.framework */,
			);
			name = Frameworks;
			sourceTree = "<group>";
		};
/* End PBXGroup section */

/* Begin PBXNativeTarget section */
		F124BA6326D9F7DF00E5A4D2 /* Web */ = {
			isa = PBXNativeTarget;
			buildConfigurationList = F124BA7826D9F7E400E5A4D2 /* Build configuration list for PBXNativeTarget "Web" */;
			buildPhases = (
				F124BA6026D9F7DF00E5A4D2 /* Sources */,
				F124BA6126D9F7DF00E5A4D2 /* Frameworks */,
				F124BA6226D9F7DF00E5A4D2 /* Resources */,
			);
			buildRules = (
			);
			dependencies = (
			);
			name = Web;
			productName = Web;
			productReference = F124BA6426D9F7DF00E5A4D2 /* Web.app */;
			productType = "com.apple.product-type.application";
		};
/* End PBXNativeTarget section */

/* Begin PBXProject section */
		F124BA5C26D9F7DF00E5A4D2 /* Project object */ = {
			isa = PBXProject;
			attributes = {
				LastSwiftUpdateCheck = 1240;
				LastUpgradeCheck = 1240;
				TargetAttributes = {
					F124BA6326D9F7DF00E5A4D2 = {
						CreatedOnToolsVersion = 12.4;
					};
				};
			};
			buildConfigurationList = F124BA5F26D9F7DF00E5A4D2 /* Build configuration list for PBXProject "Web" */;
			compatibilityVersion = "Xcode 9.3";
			developmentRegion = en;
			hasScannedForEncodings = 0;
			knownRegions = (
				en,
				Base,
			);
			mainGroup = F124BA5B26D9F7DF00E5A4D2;
			productRefGroup = F124BA6526D9F7DF00E5A4D2 /* Products */;
			projectDirPath = "";
			projectRoot = "";
			targets = (
				F124BA6326D9F7DF00E5A4D2 /* Web */,
			);
		};
/* End PBXProject section */

/* Begin PBXResourcesBuildPhase section */
		F124BA6226D9F7DF00E5A4D2 /* Resources */ = {
			isa = PBXResourcesBuildPhase;
			buildActionMask = 2147483647;
			files = (
				F124BACA26DDA3C900E5A4D2 /* htmlView.html in Resources */,
				F124BA7426D9F7E400E5A4D2 /* LaunchScreen.storyboard in Resources */,
				F124BA7126D9F7E400E5A4D2 /* Assets.xcassets in Resources */,
				F124BA6F26D9F7DF00E5A4D2 /* Main.storyboard in Resources */,
			);
			runOnlyForDeploymentPostprocessing = 0;
		};
/* End PBXResourcesBuildPhase section */

/* Begin PBXSourcesBuildPhase section */
		F124BA6026D9F7DF00E5A4D2 /* Sources */ = {
			isa = PBXSourcesBuildPhase;
			buildActionMask = 2147483647;
			files = (
				F124BA6C26D9F7DF00E5A4D2 /* ViewController.swift in Sources */,
				F124BA6826D9F7DF00E5A4D2 /* AppDelegate.swift in Sources */,
				F124BA6A26D9F7DF00E5A4D2 /* SceneDelegate.swift in Sources */,
			);
			runOnlyForDeploymentPostprocessing = 0;
		};
/* End PBXSourcesBuildPhase section */

/* Begin PBXVariantGroup section */
		F124BA6D26D9F7DF00E5A4D2 /* Main.storyboard */ = {
			isa = PBXVariantGroup;
			children = (
				F124BA6E26D9F7DF00E5A4D2 /* Base */,
			);
			name = Main.storyboard;
			sourceTree = "<group>";
		};
		F124BA7226D9F7E400E5A4D2 /* LaunchScreen.storyboard */ = {
			isa = PBXVariantGroup;
			children = (
				F124BA7326D9F7E400E5A4D2 /* Base */,
			);
			name = LaunchScreen.storyboard;
			sourceTree = "<group>";
		};
/* End PBXVariantGroup section */

/* Begin XCBuildConfiguration section */
		F124BA7626D9F7E400E5A4D2 /* Debug */ = {
			isa = XCBuildConfiguration;
			buildSettings = {
				ALWAYS_SEARCH_USER_PATHS = NO;
				CLANG_ANALYZER_NONNULL = YES;
				CLANG_ANALYZER_NUMBER_OBJECT_CONVERSION = YES_AGGRESSIVE;
				CLANG_CXX_LANGUAGE_STANDARD = "gnu++14";
				CLANG_CXX_LIBRARY = "libc++";
				CLANG_ENABLE_MODULES = YES;
				CLANG_ENABLE_OBJC_ARC = YES;
				CLANG_ENABLE_OBJC_WEAK = YES;
				CLANG_WARN_BLOCK_CAPTURE_AUTORELEASING = YES;
				CLANG_WARN_BOOL_CONVERSION = YES;
				CLANG_WARN_COMMA = YES;
				CLANG_WARN_CONSTANT_CONVERSION = YES;
				CLANG_WARN_DEPRECATED_OBJC_IMPLEMENTATIONS = YES;
				CLANG_WARN_DIRECT_OBJC_ISA_USAGE = YES_ERROR;
				CLANG_WARN_DOCUMENTATION_COMMENTS = YES;
				CLANG_WARN_EMPTY_BODY = YES;
				CLANG_WARN_ENUM_CONVERSION = YES;
				CLANG_WARN_INFINITE_RECURSION = YES;
				CLANG_WARN_INT_CONVERSION = YES;
				CLANG_WARN_NON_LITERAL_NULL_CONVERSION = YES;
				CLANG_WARN_OBJC_IMPLICIT_RETAIN_SELF = YES;
				CLANG_WARN_OBJC_LITERAL_CONVERSION = YES;
				CLANG_WARN_OBJC_ROOT_CLASS = YES_ERROR;
				CLANG_WARN_QUOTED_INCLUDE_IN_FRAMEWORK_HEADER = YES;
				CLANG_WARN_RANGE_LOOP_ANALYSIS = YES;
				CLANG_WARN_STRICT_PROTOTYPES = YES;
				CLANG_WARN_SUSPICIOUS_MOVE = YES;
				CLANG_WARN_UNGUARDED_AVAILABILITY = YES_AGGRESSIVE;
				CLANG_WARN_UNREACHABLE_CODE = YES;
				CLANG_WARN__DUPLICATE_METHOD_MATCH = YES;
				COPY_PHASE_STRIP = NO;
				DEBUG_INFORMATION_FORMAT = dwarf;
				ENABLE_STRICT_OBJC_MSGSEND = YES;
				ENABLE_TESTABILITY = YES;
				GCC_C_LANGUAGE_STANDARD = gnu11;
				GCC_DYNAMIC_NO_PIC = NO;
				GCC_NO_COMMON_BLOCKS = YES;
				GCC_OPTIMIZATION_LEVEL = 0;
				GCC_PREPROCESSOR_DEFINITIONS = (
					"DEBUG=1",
					"$(inherited)",
				);
				GCC_WARN_64_TO_32_BIT_CONVERSION = YES;
				GCC_WARN_ABOUT_RETURN_TYPE = YES_ERROR;
				GCC_WARN_UNDECLARED_SELECTOR = YES;
				GCC_WARN_UNINITIALIZED_AUTOS = YES_AGGRESSIVE;
				GCC_WARN_UNUSED_FUNCTION = YES;
				GCC_WARN_UNUSED_VARIABLE = YES;
				IPHONEOS_DEPLOYMENT_TARGET = 14.4;
				MTL_ENABLE_DEBUG_INFO = INCLUDE_SOURCE;
				MTL_FAST_MATH = YES;
				ONLY_ACTIVE_ARCH = YES;
				SDKROOT = iphoneos;
				SWIFT_ACTIVE_COMPILATION_CONDITIONS = DEBUG;
				SWIFT_OPTIMIZATION_LEVEL = "-Onone";
			};
			name = Debug;
		};
		F124BA7726D9F7E400E5A4D2 /* Release */ = {
			isa = XCBuildConfiguration;
			buildSettings = {
				ALWAYS_SEARCH_USER_PATHS = NO;
				CLANG_ANALYZER_NONNULL = YES;
				CLANG_ANALYZER_NUMBER_OBJECT_CONVERSION = YES_AGGRESSIVE;
				CLANG_CXX_LANGUAGE_STANDARD = "gnu++14";
				CLANG_CXX_LIBRARY = "libc++";
				CLANG_ENABLE_MODULES = YES;
				CLANG_ENABLE_OBJC_ARC = YES;
				CLANG_ENABLE_OBJC_WEAK = YES;
				CLANG_WARN_BLOCK_CAPTURE_AUTORELEASING = YES;
				CLANG_WARN_BOOL_CONVERSION = YES;
				CLANG_WARN_COMMA = YES;
				CLANG_WARN_CONSTANT_CONVERSION = YES;
				CLANG_WARN_DEPRECATED_OBJC_IMPLEMENTATIONS = YES;
				CLANG_WARN_DIRECT_OBJC_ISA_USAGE = YES_ERROR;
				CLANG_WARN_DOCUMENTATION_COMMENTS = YES;
				CLANG_WARN_EMPTY_BODY = YES;
				CLANG_WARN_ENUM_CONVERSION = YES;
				CLANG_WARN_INFINITE_RECURSION = YES;
				CLANG_WARN_INT_CONVERSION = YES;
				CLANG_WARN_NON_LITERAL_NULL_CONVERSION = YES;
				CLANG_WARN_OBJC_IMPLICIT_RETAIN_SELF = YES;
				CLANG_WARN_OBJC_LITERAL_CONVERSION = YES;
				CLANG_WARN_OBJC_ROOT_CLASS = YES_ERROR;
				CLANG_WARN_QUOTED_INCLUDE_IN_FRAMEWORK_HEADER = YES;
				CLANG_WARN_RANGE_LOOP_ANALYSIS = YES;
				CLANG_WARN_STRICT_PROTOTYPES = YES;
				CLANG_WARN_SUSPICIOUS_MOVE = YES;
				CLANG_WARN_UNGUARDED_AVAILABILITY = YES_AGGRESSIVE;
				CLANG_WARN_UNREACHABLE_CODE = YES;
				CLANG_WARN__DUPLICATE_METHOD_MATCH = YES;
				COPY_PHASE_STRIP = NO;
				DEBUG_INFORMATION_FORMAT = "dwarf-with-dsym";
				ENABLE_NS_ASSERTIONS = NO;
				ENABLE_STRICT_OBJC_MSGSEND = YES;
				GCC_C_LANGUAGE_STANDARD = gnu11;
				GCC_NO_COMMON_BLOCKS = YES;
				GCC_WARN_64_TO_32_BIT_CONVERSION = YES;
				GCC_WARN_ABOUT_RETURN_TYPE = YES_ERROR;
				GCC_WARN_UNDECLARED_SELECTOR = YES;
				GCC_WARN_UNINITIALIZED_AUTOS = YES_AGGRESSIVE;
				GCC_WARN_UNUSED_FUNCTION = YES;
				GCC_WARN_UNUSED_VARIABLE = YES;
				IPHONEOS_DEPLOYMENT_TARGET = 14.4;
				MTL_ENABLE_DEBUG_INFO = NO;
				MTL_FAST_MATH = YES;
				SDKROOT = iphoneos;
				SWIFT_COMPILATION_MODE = wholemodule;
				SWIFT_OPTIMIZATION_LEVEL = "-O";
				VALIDATE_PRODUCT = YES;
			};
			name = Release;
		};
		F124BA7926D9F7E400E5A4D2 /* Debug */ = {
			isa = XCBuildConfiguration;
			buildSettings = {
				ASSETCATALOG_COMPILER_APPICON_NAME = AppIcon;
				ASSETCATALOG_COMPILER_GLOBAL_ACCENT_COLOR_NAME = AccentColor;
				CODE_SIGN_STYLE = Automatic;
				INFOPLIST_FILE = Web/Info.plist;
				LD_RUNPATH_SEARCH_PATHS = (
					"$(inherited)",
					"@executable_path/Frameworks",
				);
				PRODUCT_BUNDLE_IDENTIFIER = com.sian.Web;
				PRODUCT_NAME = "$(TARGET_NAME)";
				SWIFT_VERSION = 5.0;
				TARGETED_DEVICE_FAMILY = "1,2";
			};
			name = Debug;
		};
		F124BA7A26D9F7E400E5A4D2 /* Release */ = {
			isa = XCBuildConfiguration;
			buildSettings = {
				ASSETCATALOG_COMPILER_APPICON_NAME = AppIcon;
				ASSETCATALOG_COMPILER_GLOBAL_ACCENT_COLOR_NAME = AccentColor;
				CODE_SIGN_STYLE = Automatic;
				INFOPLIST_FILE = Web/Info.plist;
				LD_RUNPATH_SEARCH_PATHS = (
					"$(inherited)",
					"@executable_path/Frameworks",
				);
				PRODUCT_BUNDLE_IDENTIFIER = com.sian.Web;
				PRODUCT_NAME = "$(TARGET_NAME)";
				SWIFT_VERSION = 5.0;
				TARGETED_DEVICE_FAMILY = "1,2";
			};
			name = Release;
		};
/* End XCBuildConfiguration section */

/* Begin XCConfigurationList section */
		F124BA5F26D9F7DF00E5A4D2 /* Build configuration list for PBXProject "Web" */ = {
			isa = XCConfigurationList;
			buildConfigurations = (
				F124BA7626D9F7E400E5A4D2 /* Debug */,
				F124BA7726D9F7E400E5A4D2 /* Release */,
			);
			defaultConfigurationIsVisible = 0;
			defaultConfigurationName = Release;
		};
		F124BA7826D9F7E400E5A4D2 /* Build configuration list for PBXNativeTarget "Web" */ = {
			isa = XCConfigurationList;
			buildConfigurations = (
				F124BA7926D9F7E400E5A4D2 /* Debug */,
				F124BA7A26D9F7E400E5A4D2 /* Release */,
			);
			defaultConfigurationIsVisible = 0;
			defaultConfigurationName = Release;
		};
/* End XCConfigurationList section */
	};
	rootObject = F124BA5C26D9F7DF00E5A4D2 /* Project object */;
}
