// !$*UTF8*$!
{
	archiveVersion = 1;
	classes = {
	};
	objectVersion = 50;
	objects = {

/* Begin PBXBuildFile section */
		F124BA3A26D93A9400E5A4D2 /* AppDelegate.swift in Sources */ = {isa = PBXBuildFile; fileRef = F124BA3926D93A9400E5A4D2 /* AppDelegate.swift */; };
		F124BA3C26D93A9400E5A4D2 /* SceneDelegate.swift in Sources */ = {isa = PBXBuildFile; fileRef = F124BA3B26D93A9400E5A4D2 /* SceneDelegate.swift */; };
		F124BA3E26D93A9400E5A4D2 /* ViewController.swift in Sources */ = {isa = PBXBuildFile; fileRef = F124BA3D26D93A9400E5A4D2 /* ViewController.swift */; };
		F124BA4126D93A9400E5A4D2 /* Main.storyboard in Resources */ = {isa = PBXBuildFile; fileRef = F124BA3F26D93A9400E5A4D2 /* Main.storyboard */; };
		F124BA4326D93AA900E5A4D2 /* Assets.xcassets in Resources */ = {isa = PBXBuildFile; fileRef = F124BA4226D93AA900E5A4D2 /* Assets.xcassets */; };
		F124BA4626D93AA900E5A4D2 /* LaunchScreen.storyboard in Resources */ = {isa = PBXBuildFile; fileRef = F124BA4426D93AA900E5A4D2 /* LaunchScreen.storyboard */; };
		F124BA5426D9502C00E5A4D2 /* lamp_remove.jpg in Resources */ = {isa = PBXBuildFile; fileRef = F124BA5326D9502C00E5A4D2 /* lamp_remove.jpg */; };
		F124BA5826D956EE00E5A4D2 /* lamp_off.jpg in Resources */ = {isa = PBXBuildFile; fileRef = F124BA5626D956EE00E5A4D2 /* lamp_off.jpg */; };
		F124BA5926D956EE00E5A4D2 /* lamp_on.jpg in Resources */ = {isa = PBXBuildFile; fileRef = F124BA5726D956EE00E5A4D2 /* lamp_on.jpg */; };
/* End PBXBuildFile section */

/* Begin PBXFileReference section */
		F124BA3626D93A9400E5A4D2 /* Alert.app */ = {isa = PBXFileReference; explicitFileType = wrapper.application; includeInIndex = 0; path = Alert.app; sourceTree = BUILT_PRODUCTS_DIR; };
		F124BA3926D93A9400E5A4D2 /* AppDelegate.swift */ = {isa = PBXFileReference; lastKnownFileType = sourcecode.swift; path = AppDelegate.swift; sourceTree = "<group>"; };
		F124BA3B26D93A9400E5A4D2 /* SceneDelegate.swift */ = {isa = PBXFileReference; lastKnownFileType = sourcecode.swift; path = SceneDelegate.swift; sourceTree = "<group>"; };
		F124BA3D26D93A9400E5A4D2 /* ViewController.swift */ = {isa = PBXFileReference; lastKnownFileType = sourcecode.swift; path = ViewController.swift; sourceTree = "<group>"; };
		F124BA4026D93A9400E5A4D2 /* Base */ = {isa = PBXFileReference; lastKnownFileType = file.storyboard; name = Base; path = Base.lproj/Main.storyboard; sourceTree = "<group>"; };
		F124BA4226D93AA900E5A4D2 /* Assets.xcassets */ = {isa = PBXFileReference; lastKnownFileType = folder.assetcatalog; path = Assets.xcassets; sourceTree = "<group>"; };
		F124BA4526D93AA900E5A4D2 /* Base */ = {isa = PBXFileReference; lastKnownFileType = file.storyboard; name = Base; path = Base.lproj/LaunchScreen.storyboard; sourceTree = "<group>"; };
		F124BA4726D93AA900E5A4D2 /* Info.plist */ = {isa = PBXFileReference; lastKnownFileType = text.plist.xml; path = Info.plist; sourceTree = "<group>"; };
		F124BA5326D9502C00E5A4D2 /* lamp_remove.jpg */ = {isa = PBXFileReference; lastKnownFileType = image.jpeg; path = lamp_remove.jpg; sourceTree = "<group>"; };
		F124BA5626D956EE00E5A4D2 /* lamp_off.jpg */ = {isa = PBXFileReference; lastKnownFileType = image.jpeg; path = lamp_off.jpg; sourceTree = "<group>"; };
		F124BA5726D956EE00E5A4D2 /* lamp_on.jpg */ = {isa = PBXFileReference; lastKnownFileType = image.jpeg; path = lamp_on.jpg; sourceTree = "<group>"; };
/* End PBXFileReference section */

/* Begin PBXFrameworksBuildPhase section */
		F124BA3326D93A9400E5A4D2 /* Frameworks */ = {
			isa = PBXFrameworksBuildPhase;
			buildActionMask = 2147483647;
			files = (
			);
			runOnlyForDeploymentPostprocessing = 0;
		};
/* End PBXFrameworksBuildPhase section */

/* Begin PBXGroup section */
		F124BA2D26D93A9300E5A4D2 = {
			isa = PBXGroup;
			children = (
				F124BA3826D93A9400E5A4D2 /* Alert */,
				F124BA3726D93A9400E5A4D2 /* Products */,
			);
			sourceTree = "<group>";
		};
		F124BA3726D93A9400E5A4D2 /* Products */ = {
			isa = PBXGroup;
			children = (
				F124BA3626D93A9400E5A4D2 /* Alert.app */,
			);
			name = Products;
			sourceTree = "<group>";
		};
		F124BA3826D93A9400E5A4D2 /* Alert */ = {
			isa = PBXGroup;
			children = (
				F124BA5626D956EE00E5A4D2 /* lamp_off.jpg */,
				F124BA5726D956EE00E5A4D2 /* lamp_on.jpg */,
				F124BA5326D9502C00E5A4D2 /* lamp_remove.jpg */,
				F124BA3926D93A9400E5A4D2 /* AppDelegate.swift */,
				F124BA3B26D93A9400E5A4D2 /* SceneDelegate.swift */,
				F124BA3D26D93A9400E5A4D2 /* ViewController.swift */,
				F124BA3F26D93A9400E5A4D2 /* Main.storyboard */,
				F124BA4226D93AA900E5A4D2 /* Assets.xcassets */,
				F124BA4426D93AA900E5A4D2 /* LaunchScreen.storyboard */,
				F124BA4726D93AA900E5A4D2 /* Info.plist */,
			);
			path = Alert;
			sourceTree = "<group>";
		};
/* End PBXGroup section */

/* Begin PBXNativeTarget section */
		F124BA3526D93A9400E5A4D2 /* Alert */ = {
			isa = PBXNativeTarget;
			buildConfigurationList = F124BA4A26D93AA900E5A4D2 /* Build configuration list for PBXNativeTarget "Alert" */;
			buildPhases = (
				F124BA3226D93A9400E5A4D2 /* Sources */,
				F124BA3326D93A9400E5A4D2 /* Frameworks */,
				F124BA3426D93A9400E5A4D2 /* Resources */,
			);
			buildRules = (
			);
			dependencies = (
			);
			name = Alert;
			productName = Alert;
			productReference = F124BA3626D93A9400E5A4D2 /* Alert.app */;
			productType = "com.apple.product-type.application";
		};
/* End PBXNativeTarget section */

/* Begin PBXProject section */
		F124BA2E26D93A9300E5A4D2 /* Project object */ = {
			isa = PBXProject;
			attributes = {
				LastSwiftUpdateCheck = 1240;
				LastUpgradeCheck = 1240;
				TargetAttributes = {
					F124BA3526D93A9400E5A4D2 = {
						CreatedOnToolsVersion = 12.4;
					};
				};
			};
			buildConfigurationList = F124BA3126D93A9300E5A4D2 /* Build configuration list for PBXProject "Alert" */;
			compatibilityVersion = "Xcode 9.3";
			developmentRegion = en;
			hasScannedForEncodings = 0;
			knownRegions = (
				en,
				Base,
			);
			mainGroup = F124BA2D26D93A9300E5A4D2;
			productRefGroup = F124BA3726D93A9400E5A4D2 /* Products */;
			projectDirPath = "";
			projectRoot = "";
			targets = (
				F124BA3526D93A9400E5A4D2 /* Alert */,
			);
		};
/* End PBXProject section */

/* Begin PBXResourcesBuildPhase section */
		F124BA3426D93A9400E5A4D2 /* Resources */ = {
			isa = PBXResourcesBuildPhase;
			buildActionMask = 2147483647;
			files = (
				F124BA4626D93AA900E5A4D2 /* LaunchScreen.storyboard in Resources */,
				F124BA5426D9502C00E5A4D2 /* lamp_remove.jpg in Resources */,
				F124BA5926D956EE00E5A4D2 /* lamp_on.jpg in Resources */,
				F124BA5826D956EE00E5A4D2 /* lamp_off.jpg in Resources */,
				F124BA4326D93AA900E5A4D2 /* Assets.xcassets in Resources */,
				F124BA4126D93A9400E5A4D2 /* Main.storyboard in Resources */,
			);
			runOnlyForDeploymentPostprocessing = 0;
		};
/* End PBXResourcesBuildPhase section */

/* Begin PBXSourcesBuildPhase section */
		F124BA3226D93A9400E5A4D2 /* Sources */ = {
			isa = PBXSourcesBuildPhase;
			buildActionMask = 2147483647;
			files = (
				F124BA3E26D93A9400E5A4D2 /* ViewController.swift in Sources */,
				F124BA3A26D93A9400E5A4D2 /* AppDelegate.swift in Sources */,
				F124BA3C26D93A9400E5A4D2 /* SceneDelegate.swift in Sources */,
			);
			runOnlyForDeploymentPostprocessing = 0;
		};
/* End PBXSourcesBuildPhase section */

/* Begin PBXVariantGroup section */
		F124BA3F26D93A9400E5A4D2 /* Main.storyboard */ = {
			isa = PBXVariantGroup;
			children = (
				F124BA4026D93A9400E5A4D2 /* Base */,
			);
			name = Main.storyboard;
			sourceTree = "<group>";
		};
		F124BA4426D93AA900E5A4D2 /* LaunchScreen.storyboard */ = {
			isa = PBXVariantGroup;
			children = (
				F124BA4526D93AA900E5A4D2 /* Base */,
			);
			name = LaunchScreen.storyboard;
			sourceTree = "<group>";
		};
/* End PBXVariantGroup section */

/* Begin XCBuildConfiguration section */
		F124BA4826D93AA900E5A4D2 /* Debug */ = {
			isa = XCBuildConfiguration;
			buildSettings = {
				ALWAYS_SEARCH_USER_PATHS = NO;
				CLANG_ANALYZER_NONNULL = YES;
				CLANG_ANALYZER_NUMBER_OBJECT_CONVERSION = YES_AGGRESSIVE;
				CLANG_CXX_LANGUAGE_STANDARD = "gnu++14";
				CLANG_CXX_LIBRARY = "libc++";
				CLANG_ENABLE_MODULES = YES;
				CLANG_ENABLE_OBJC_ARC = YES;
				CLANG_ENABLE_OBJC_WEAK = YES;
				CLANG_WARN_BLOCK_CAPTURE_AUTORELEASING = YES;
				CLANG_WARN_BOOL_CONVERSION = YES;
				CLANG_WARN_COMMA = YES;
				CLANG_WARN_CONSTANT_CONVERSION = YES;
				CLANG_WARN_DEPRECATED_OBJC_IMPLEMENTATIONS = YES;
				CLANG_WARN_DIRECT_OBJC_ISA_USAGE = YES_ERROR;
				CLANG_WARN_DOCUMENTATION_COMMENTS = YES;
				CLANG_WARN_EMPTY_BODY = YES;
				CLANG_WARN_ENUM_CONVERSION = YES;
				CLANG_WARN_INFINITE_RECURSION = YES;
				CLANG_WARN_INT_CONVERSION = YES;
				CLANG_WARN_NON_LITERAL_NULL_CONVERSION = YES;
				CLANG_WARN_OBJC_IMPLICIT_RETAIN_SELF = YES;
				CLANG_WARN_OBJC_LITERAL_CONVERSION = YES;
				CLANG_WARN_OBJC_ROOT_CLASS = YES_ERROR;
				CLANG_WARN_QUOTED_INCLUDE_IN_FRAMEWORK_HEADER = YES;
				CLANG_WARN_RANGE_LOOP_ANALYSIS = YES;
				CLANG_WARN_STRICT_PROTOTYPES = YES;
				CLANG_WARN_SUSPICIOUS_MOVE = YES;
				CLANG_WARN_UNGUARDED_AVAILABILITY = YES_AGGRESSIVE;
				CLANG_WARN_UNREACHABLE_CODE = YES;
				CLANG_WARN__DUPLICATE_METHOD_MATCH = YES;
				COPY_PHASE_STRIP = NO;
				DEBUG_INFORMATION_FORMAT = dwarf;
				ENABLE_STRICT_OBJC_MSGSEND = YES;
				ENABLE_TESTABILITY = YES;
				GCC_C_LANGUAGE_STANDARD = gnu11;
				GCC_DYNAMIC_NO_PIC = NO;
				GCC_NO_COMMON_BLOCKS = YES;
				GCC_OPTIMIZATION_LEVEL = 0;
				GCC_PREPROCESSOR_DEFINITIONS = (
					"DEBUG=1",
					"$(inherited)",
				);
				GCC_WARN_64_TO_32_BIT_CONVERSION = YES;
				GCC_WARN_ABOUT_RETURN_TYPE = YES_ERROR;
				GCC_WARN_UNDECLARED_SELECTOR = YES;
				GCC_WARN_UNINITIALIZED_AUTOS = YES_AGGRESSIVE;
				GCC_WARN_UNUSED_FUNCTION = YES;
				GCC_WARN_UNUSED_VARIABLE = YES;
				IPHONEOS_DEPLOYMENT_TARGET = 14.4;
				MTL_ENABLE_DEBUG_INFO = INCLUDE_SOURCE;
				MTL_FAST_MATH = YES;
				ONLY_ACTIVE_ARCH = YES;
				SDKROOT = iphoneos;
				SWIFT_ACTIVE_COMPILATION_CONDITIONS = DEBUG;
				SWIFT_OPTIMIZATION_LEVEL = "-Onone";
			};
			name = Debug;
		};
		F124BA4926D93AA900E5A4D2 /* Release */ = {
			isa = XCBuildConfiguration;
			buildSettings = {
				ALWAYS_SEARCH_USER_PATHS = NO;
				CLANG_ANALYZER_NONNULL = YES;
				CLANG_ANALYZER_NUMBER_OBJECT_CONVERSION = YES_AGGRESSIVE;
				CLANG_CXX_LANGUAGE_STANDARD = "gnu++14";
				CLANG_CXX_LIBRARY = "libc++";
				CLANG_ENABLE_MODULES = YES;
				CLANG_ENABLE_OBJC_ARC = YES;
				CLANG_ENABLE_OBJC_WEAK = YES;
				CLANG_WARN_BLOCK_CAPTURE_AUTORELEASING = YES;
				CLANG_WARN_BOOL_CONVERSION = YES;
				CLANG_WARN_COMMA = YES;
				CLANG_WARN_CONSTANT_CONVERSION = YES;
				CLANG_WARN_DEPRECATED_OBJC_IMPLEMENTATIONS = YES;
				CLANG_WARN_DIRECT_OBJC_ISA_USAGE = YES_ERROR;
				CLANG_WARN_DOCUMENTATION_COMMENTS = YES;
				CLANG_WARN_EMPTY_BODY = YES;
				CLANG_WARN_ENUM_CONVERSION = YES;
				CLANG_WARN_INFINITE_RECURSION = YES;
				CLANG_WARN_INT_CONVERSION = YES;
				CLANG_WARN_NON_LITERAL_NULL_CONVERSION = YES;
				CLANG_WARN_OBJC_IMPLICIT_RETAIN_SELF = YES;
				CLANG_WARN_OBJC_LITERAL_CONVERSION = YES;
				CLANG_WARN_OBJC_ROOT_CLASS = YES_ERROR;
				CLANG_WARN_QUOTED_INCLUDE_IN_FRAMEWORK_HEADER = YES;
				CLANG_WARN_RANGE_LOOP_ANALYSIS = YES;
				CLANG_WARN_STRICT_PROTOTYPES = YES;
				CLANG_WARN_SUSPICIOUS_MOVE = YES;
				CLANG_WARN_UNGUARDED_AVAILABILITY = YES_AGGRESSIVE;
				CLANG_WARN_UNREACHABLE_CODE = YES;
				CLANG_WARN__DUPLICATE_METHOD_MATCH = YES;
				COPY_PHASE_STRIP = NO;
				DEBUG_INFORMATION_FORMAT = "dwarf-with-dsym";
				ENABLE_NS_ASSERTIONS = NO;
				ENABLE_STRICT_OBJC_MSGSEND = YES;
				GCC_C_LANGUAGE_STANDARD = gnu11;
				GCC_NO_COMMON_BLOCKS = YES;
				GCC_WARN_64_TO_32_BIT_CONVERSION = YES;
				GCC_WARN_ABOUT_RETURN_TYPE = YES_ERROR;
				GCC_WARN_UNDECLARED_SELECTOR = YES;
				GCC_WARN_UNINITIALIZED_AUTOS = YES_AGGRESSIVE;
				GCC_WARN_UNUSED_FUNCTION = YES;
				GCC_WARN_UNUSED_VARIABLE = YES;
				IPHONEOS_DEPLOYMENT_TARGET = 14.4;
				MTL_ENABLE_DEBUG_INFO = NO;
				MTL_FAST_MATH = YES;
				SDKROOT = iphoneos;
				SWIFT_COMPILATION_MODE = wholemodule;
				SWIFT_OPTIMIZATION_LEVEL = "-O";
				VALIDATE_PRODUCT = YES;
			};
			name = Release;
		};
		F124BA4B26D93AA900E5A4D2 /* Debug */ = {
			isa = XCBuildConfiguration;
			buildSettings = {
				ASSETCATALOG_COMPILER_APPICON_NAME = AppIcon;
				ASSETCATALOG_COMPILER_GLOBAL_ACCENT_COLOR_NAME = AccentColor;
				CODE_SIGN_STYLE = Automatic;
				INFOPLIST_FILE = Alert/Info.plist;
				LD_RUNPATH_SEARCH_PATHS = (
					"$(inherited)",
					"@executable_path/Frameworks",
				);
				PRODUCT_BUNDLE_IDENTIFIER = com.sian.Alert;
				PRODUCT_NAME = "$(TARGET_NAME)";
				SWIFT_VERSION = 5.0;
				TARGETED_DEVICE_FAMILY = "1,2";
			};
			name = Debug;
		};
		F124BA4C26D93AA900E5A4D2 /* Release */ = {
			isa = XCBuildConfiguration;
			buildSettings = {
				ASSETCATALOG_COMPILER_APPICON_NAME = AppIcon;
				ASSETCATALOG_COMPILER_GLOBAL_ACCENT_COLOR_NAME = AccentColor;
				CODE_SIGN_STYLE = Automatic;
				INFOPLIST_FILE = Alert/Info.plist;
				LD_RUNPATH_SEARCH_PATHS = (
					"$(inherited)",
					"@executable_path/Frameworks",
				);
				PRODUCT_BUNDLE_IDENTIFIER = com.sian.Alert;
				PRODUCT_NAME = "$(TARGET_NAME)";
				SWIFT_VERSION = 5.0;
				TARGETED_DEVICE_FAMILY = "1,2";
			};
			name = Release;
		};
/* End XCBuildConfiguration section */

/* Begin XCConfigurationList section */
		F124BA3126D93A9300E5A4D2 /* Build configuration list for PBXProject "Alert" */ = {
			isa = XCConfigurationList;
			buildConfigurations = (
				F124BA4826D93AA900E5A4D2 /* Debug */,
				F124BA4926D93AA900E5A4D2 /* Release */,
			);
			defaultConfigurationIsVisible = 0;
			defaultConfigurationName = Release;
		};
		F124BA4A26D93AA900E5A4D2 /* Build configuration list for PBXNativeTarget "Alert" */ = {
			isa = XCConfigurationList;
			buildConfigurations = (
				F124BA4B26D93AA900E5A4D2 /* Debug */,
				F124BA4C26D93AA900E5A4D2 /* Release */,
			);
			defaultConfigurationIsVisible = 0;
			defaultConfigurationName = Release;
		};
/* End XCConfigurationList section */
	};
	rootObject = F124BA2E26D93A9300E5A4D2 /* Project object */;
}
